
Microsoft Visual Studio Solution File, Format Version 12.00
# Visual Studio Version 17
VisualStudioVersion = 17.12.35506.116
MinimumVisualStudioVersion = 10.0.40219.1
Project("{FAE04EC0-301F-11D3-BF4B-00C04F79EFBC}") = "TelegramAntiSpamBot.Functions", "TelegramAntiSpamBot.Functions.csproj", "{3DA583DC-19A5-4C09-9BBF-215586FE544D}"
EndProject
Project("{FAE04EC0-301F-11D3-BF4B-00C04F79EFBC}") = "TelegramAntiSpamBot.Initializer", "..\TelegramAntiSpamBot.Initializer\TelegramAntiSpamBot.Initializer.csproj", "{F648C199-A775-4D64-AC89-93146F9EBBFC}"
EndProject
Project("{FAE04EC0-301F-11D3-BF4B-00C04F79EFBC}") = "TelegramAntiSpamBot.Persistence", "..\TelegramAntiSpamBot.Persistence\TelegramAntiSpamBot.Persistence.csproj", "{AF7FA349-5474-43F1-B2A7-00598F55EBC2}"
EndProject
Project("{FAE04EC0-301F-11D3-BF4B-00C04F79EFBC}") = "TelegramAntiSpamBot.OpenAI", "..\TelegramAntiSpamBot.OpenAI\TelegramAntiSpamBot.OpenAI.csproj", "{26F57F18-818A-40B9-81EA-3EF878793258}"
EndProject
Project("{FAE04EC0-301F-11D3-BF4B-00C04F79EFBC}") = "TelegramAntiSpamBot.Tests", "..\TelegramAntiSpamBot.Tests\TelegramAntiSpamBot.Tests.csproj", "{0FBBA472-CD1B-4EBD-AAA2-38432888D591}"
EndProject
Global
	GlobalSection(SolutionConfigurationPlatforms) = preSolution
		Debug|Any CPU = Debug|Any CPU
		Release|Any CPU = Release|Any CPU
	EndGlobalSection
	GlobalSection(ProjectConfigurationPlatforms) = postSolution
		{3DA583DC-19A5-4C09-9BBF-215586FE544D}.Debug|Any CPU.ActiveCfg = Debug|Any CPU
		{3DA583DC-19A5-4C09-9BBF-215586FE544D}.Debug|Any CPU.Build.0 = Debug|Any CPU
		{3DA583DC-19A5-4C09-9BBF-215586FE544D}.Release|Any CPU.ActiveCfg = Release|Any CPU
		{3DA583DC-19A5-4C09-9BBF-215586FE544D}.Release|Any CPU.Build.0 = Release|Any CPU
		{F648C199-A775-4D64-AC89-93146F9EBBFC}.Debug|Any CPU.ActiveCfg = Debug|Any CPU
		{F648C199-A775-4D64-AC89-93146F9EBBFC}.Debug|Any CPU.Build.0 = Debug|Any CPU
		{F648C199-A775-4D64-AC89-93146F9EBBFC}.Release|Any CPU.ActiveCfg = Release|Any CPU
		{F648C199-A775-4D64-AC89-93146F9EBBFC}.Release|Any CPU.Build.0 = Release|Any CPU
		{AF7FA349-5474-43F1-B2A7-00598F55EBC2}.Debug|Any CPU.ActiveCfg = Debug|Any CPU
		{AF7FA349-5474-43F1-B2A7-00598F55EBC2}.Debug|Any CPU.Build.0 = Debug|Any CPU
		{AF7FA349-5474-43F1-B2A7-00598F55EBC2}.Release|Any CPU.ActiveCfg = Release|Any CPU
		{AF7FA349-5474-43F1-B2A7-00598F55EBC2}.Release|Any CPU.Build.0 = Release|Any CPU
		{26F57F18-818A-40B9-81EA-3EF878793258}.Debug|Any CPU.ActiveCfg = Debug|Any CPU
		{26F57F18-818A-40B9-81EA-3EF878793258}.Debug|Any CPU.Build.0 = Debug|Any CPU
		{26F57F18-818A-40B9-81EA-3EF878793258}.Release|Any CPU.ActiveCfg = Release|Any CPU
		{26F57F18-818A-40B9-81EA-3EF878793258}.Release|Any CPU.Build.0 = Release|Any CPU
		{0FBBA472-CD1B-4EBD-AAA2-38432888D591}.Debug|Any CPU.ActiveCfg = Debug|Any CPU
		{0FBBA472-CD1B-4EBD-AAA2-38432888D591}.Debug|Any CPU.Build.0 = Debug|Any CPU
		{0FBBA472-CD1B-4EBD-AAA2-38432888D591}.Release|Any CPU.ActiveCfg = Release|Any CPU
		{0FBBA472-CD1B-4EBD-AAA2-38432888D591}.Release|Any CPU.Build.0 = Release|Any CPU
	EndGlobalSection
	GlobalSection(SolutionProperties) = preSolution
		HideSolutionNode = FALSE
	EndGlobalSection
EndGlobal
